// !$*UTF8*$!
{
	archiveVersion = 1;
	classes = {
	};
	objectVersion = 55;
	objects = {

/* Begin PBXBuildFile section */
		58AEB6EC28E5FB9F00A01A4B /* Tests_iOS.swift in Sources */ = {isa = PBXBuildFile; fileRef = 58AEB6EB28E5FB9F00A01A4B /* Tests_iOS.swift */; };
		58AEB6EE28E5FB9F00A01A4B /* Tests_iOSLaunchTests.swift in Sources */ = {isa = PBXBuildFile; fileRef = 58AEB6ED28E5FB9F00A01A4B /* Tests_iOSLaunchTests.swift */; };
		58AEB6F828E5FB9F00A01A4B /* Tests_macOS.swift in Sources */ = {isa = PBXBuildFile; fileRef = 58AEB6F728E5FB9F00A01A4B /* Tests_macOS.swift */; };
		58AEB6FA28E5FB9F00A01A4B /* Tests_macOSLaunchTests.swift in Sources */ = {isa = PBXBuildFile; fileRef = 58AEB6F928E5FB9F00A01A4B /* Tests_macOSLaunchTests.swift */; };
		58AEB6FB28E5FB9F00A01A4B /* StockoholicApp.swift in Sources */ = {isa = PBXBuildFile; fileRef = 58AEB6D328E5FB9E00A01A4B /* StockoholicApp.swift */; };
		58AEB6FC28E5FB9F00A01A4B /* StockoholicApp.swift in Sources */ = {isa = PBXBuildFile; fileRef = 58AEB6D328E5FB9E00A01A4B /* StockoholicApp.swift */; };
		58AEB6FD28E5FB9F00A01A4B /* ContentView.swift in Sources */ = {isa = PBXBuildFile; fileRef = 58AEB6D428E5FB9E00A01A4B /* ContentView.swift */; };
		58AEB6FE28E5FB9F00A01A4B /* ContentView.swift in Sources */ = {isa = PBXBuildFile; fileRef = 58AEB6D428E5FB9E00A01A4B /* ContentView.swift */; };
		58AEB6FF28E5FB9F00A01A4B /* Assets.xcassets in Resources */ = {isa = PBXBuildFile; fileRef = 58AEB6D528E5FB9F00A01A4B /* Assets.xcassets */; };
		58AEB70028E5FB9F00A01A4B /* Assets.xcassets in Resources */ = {isa = PBXBuildFile; fileRef = 58AEB6D528E5FB9F00A01A4B /* Assets.xcassets */; };
		D91CAA6429221E6000157FE5 /* alphabetically order .swift in Sources */ = {isa = PBXBuildFile; fileRef = D91CAA6329221E6000157FE5 /* alphabetically order .swift */; };
		D91CAA6529221E6000157FE5 /* alphabetically order .swift in Sources */ = {isa = PBXBuildFile; fileRef = D91CAA6329221E6000157FE5 /* alphabetically order .swift */; };
		D942242A2913A0AF00F08D12 /* StockView.swift in Sources */ = {isa = PBXBuildFile; fileRef = D94224292913A0AF00F08D12 /* StockView.swift */; };
		D942242B2913A0AF00F08D12 /* StockView.swift in Sources */ = {isa = PBXBuildFile; fileRef = D94224292913A0AF00F08D12 /* StockView.swift */; };
		D95647D429165B880017F6A5 /* ProgressView.swift in Sources */ = {isa = PBXBuildFile; fileRef = D95647D329165B880017F6A5 /* ProgressView.swift */; };
		D95647D529165B880017F6A5 /* ProgressView.swift in Sources */ = {isa = PBXBuildFile; fileRef = D95647D329165B880017F6A5 /* ProgressView.swift */; };
		D976D2102921D1EE00D40F35 /* ShopView.swift in Sources */ = {isa = PBXBuildFile; fileRef = D976D20F2921D1EE00D40F35 /* ShopView.swift */; };
		D976D2112921D1EE00D40F35 /* ShopView.swift in Sources */ = {isa = PBXBuildFile; fileRef = D976D20F2921D1EE00D40F35 /* ShopView.swift */; };
		D9B5622C292F34C400201268 /* StockManager.swift in Sources */ = {isa = PBXBuildFile; fileRef = D9B5622B292F34C400201268 /* StockManager.swift */; };
		D9B5622D292F34C400201268 /* StockManager.swift in Sources */ = {isa = PBXBuildFile; fileRef = D9B5622B292F34C400201268 /* StockManager.swift */; };
		D9B68C7E29248E1D002FA077 /* PortfolioView.swift in Sources */ = {isa = PBXBuildFile; fileRef = D9B68C7D29248E1D002FA077 /* PortfolioView.swift */; };
		D9B68C7F29248E1D002FA077 /* PortfolioView.swift in Sources */ = {isa = PBXBuildFile; fileRef = D9B68C7D29248E1D002FA077 /* PortfolioView.swift */; };
/* End PBXBuildFile section */

/* Begin PBXContainerItemProxy section */
		58AEB6E828E5FB9F00A01A4B /* PBXContainerItemProxy */ = {
			isa = PBXContainerItemProxy;
			containerPortal = 58AEB6CE28E5FB9E00A01A4B /* Project object */;
			proxyType = 1;
			remoteGlobalIDString = 58AEB6D928E5FB9F00A01A4B;
			remoteInfo = "Stockoholic (iOS)";
		};
		58AEB6F428E5FB9F00A01A4B /* PBXContainerItemProxy */ = {
			isa = PBXContainerItemProxy;
			containerPortal = 58AEB6CE28E5FB9E00A01A4B /* Project object */;
			proxyType = 1;
			remoteGlobalIDString = 58AEB6DF28E5FB9F00A01A4B;
			remoteInfo = "Stockoholic (macOS)";
		};
/* End PBXContainerItemProxy section */

/* Begin PBXFileReference section */
		58AEB6D328E5FB9E00A01A4B /* StockoholicApp.swift */ = {isa = PBXFileReference; lastKnownFileType = sourcecode.swift; path = StockoholicApp.swift; sourceTree = "<group>"; };
		58AEB6D428E5FB9E00A01A4B /* ContentView.swift */ = {isa = PBXFileReference; lastKnownFileType = sourcecode.swift; path = ContentView.swift; sourceTree = "<group>"; };
		58AEB6D528E5FB9F00A01A4B /* Assets.xcassets */ = {isa = PBXFileReference; lastKnownFileType = folder.assetcatalog; path = Assets.xcassets; sourceTree = "<group>"; };
		58AEB6DA28E5FB9F00A01A4B /* Stockoholic.app */ = {isa = PBXFileReference; explicitFileType = wrapper.application; includeInIndex = 0; path = Stockoholic.app; sourceTree = BUILT_PRODUCTS_DIR; };
		58AEB6E028E5FB9F00A01A4B /* Stockoholic.app */ = {isa = PBXFileReference; explicitFileType = wrapper.application; includeInIndex = 0; path = Stockoholic.app; sourceTree = BUILT_PRODUCTS_DIR; };
		58AEB6E228E5FB9F00A01A4B /* macOS.entitlements */ = {isa = PBXFileReference; lastKnownFileType = text.plist.entitlements; path = macOS.entitlements; sourceTree = "<group>"; };
		58AEB6E728E5FB9F00A01A4B /* Tests iOS.xctest */ = {isa = PBXFileReference; explicitFileType = wrapper.cfbundle; includeInIndex = 0; path = "Tests iOS.xctest"; sourceTree = BUILT_PRODUCTS_DIR; };
		58AEB6EB28E5FB9F00A01A4B /* Tests_iOS.swift */ = {isa = PBXFileReference; lastKnownFileType = sourcecode.swift; path = Tests_iOS.swift; sourceTree = "<group>"; };
		58AEB6ED28E5FB9F00A01A4B /* Tests_iOSLaunchTests.swift */ = {isa = PBXFileReference; lastKnownFileType = sourcecode.swift; path = Tests_iOSLaunchTests.swift; sourceTree = "<group>"; };
		58AEB6F328E5FB9F00A01A4B /* Tests macOS.xctest */ = {isa = PBXFileReference; explicitFileType = wrapper.cfbundle; includeInIndex = 0; path = "Tests macOS.xctest"; sourceTree = BUILT_PRODUCTS_DIR; };
		58AEB6F728E5FB9F00A01A4B /* Tests_macOS.swift */ = {isa = PBXFileReference; lastKnownFileType = sourcecode.swift; path = Tests_macOS.swift; sourceTree = "<group>"; };
		58AEB6F928E5FB9F00A01A4B /* Tests_macOSLaunchTests.swift */ = {isa = PBXFileReference; lastKnownFileType = sourcecode.swift; path = Tests_macOSLaunchTests.swift; sourceTree = "<group>"; };
		D91CAA6329221E6000157FE5 /* alphabetically order .swift */ = {isa = PBXFileReference; lastKnownFileType = sourcecode.swift; path = "alphabetically order .swift"; sourceTree = "<group>"; };
		D94224292913A0AF00F08D12 /* StockView.swift */ = {isa = PBXFileReference; lastKnownFileType = sourcecode.swift; path = StockView.swift; sourceTree = "<group>"; };
		D95647D329165B880017F6A5 /* ProgressView.swift */ = {isa = PBXFileReference; lastKnownFileType = sourcecode.swift; path = ProgressView.swift; sourceTree = "<group>"; };
		D976D20F2921D1EE00D40F35 /* ShopView.swift */ = {isa = PBXFileReference; lastKnownFileType = sourcecode.swift; path = ShopView.swift; sourceTree = "<group>"; };
		D9B5622B292F34C400201268 /* StockManager.swift */ = {isa = PBXFileReference; lastKnownFileType = sourcecode.swift; path = StockManager.swift; sourceTree = "<group>"; };
		D9B68C7D29248E1D002FA077 /* PortfolioView.swift */ = {isa = PBXFileReference; lastKnownFileType = sourcecode.swift; path = PortfolioView.swift; sourceTree = "<group>"; };
/* End PBXFileReference section */

/* Begin PBXFrameworksBuildPhase section */
		58AEB6D728E5FB9F00A01A4B /* Frameworks */ = {
			isa = PBXFrameworksBuildPhase;
			buildActionMask = 2147483647;
			files = (
			);
			runOnlyForDeploymentPostprocessing = 0;
		};
		58AEB6DD28E5FB9F00A01A4B /* Frameworks */ = {
			isa = PBXFrameworksBuildPhase;
			buildActionMask = 2147483647;
			files = (
			);
			runOnlyForDeploymentPostprocessing = 0;
		};
		58AEB6E428E5FB9F00A01A4B /* Frameworks */ = {
			isa = PBXFrameworksBuildPhase;
			buildActionMask = 2147483647;
			files = (
			);
			runOnlyForDeploymentPostprocessing = 0;
		};
		58AEB6F028E5FB9F00A01A4B /* Frameworks */ = {
			isa = PBXFrameworksBuildPhase;
			buildActionMask = 2147483647;
			files = (
			);
			runOnlyForDeploymentPostprocessing = 0;
		};
/* End PBXFrameworksBuildPhase section */

/* Begin PBXGroup section */
		58AEB6CD28E5FB9E00A01A4B = {
			isa = PBXGroup;
			children = (
				58AEB6D228E5FB9E00A01A4B /* Shared */,
				58AEB6E128E5FB9F00A01A4B /* macOS */,
				58AEB6EA28E5FB9F00A01A4B /* Tests iOS */,
				58AEB6F628E5FB9F00A01A4B /* Tests macOS */,
				58AEB6DB28E5FB9F00A01A4B /* Products */,
			);
			sourceTree = "<group>";
		};
		58AEB6D228E5FB9E00A01A4B /* Shared */ = {
			isa = PBXGroup;
			children = (
				58AEB6D328E5FB9E00A01A4B /* StockoholicApp.swift */,
				58AEB6D428E5FB9E00A01A4B /* ContentView.swift */,
				D9B68C7D29248E1D002FA077 /* PortfolioView.swift */,
				D94224292913A0AF00F08D12 /* StockView.swift */,
				D9B5622B292F34C400201268 /* StockManager.swift */,
				D95647D329165B880017F6A5 /* ProgressView.swift */,
				D976D20F2921D1EE00D40F35 /* ShopView.swift */,
				D91CAA6329221E6000157FE5 /* alphabetically order .swift */,
				58AEB6D528E5FB9F00A01A4B /* Assets.xcassets */,
			);
			path = Shared;
			sourceTree = "<group>";
		};
		58AEB6DB28E5FB9F00A01A4B /* Products */ = {
			isa = PBXGroup;
			children = (
				58AEB6DA28E5FB9F00A01A4B /* Stockoholic.app */,
				58AEB6E028E5FB9F00A01A4B /* Stockoholic.app */,
				58AEB6E728E5FB9F00A01A4B /* Tests iOS.xctest */,
				58AEB6F328E5FB9F00A01A4B /* Tests macOS.xctest */,
			);
			name = Products;
			sourceTree = "<group>";
		};
		58AEB6E128E5FB9F00A01A4B /* macOS */ = {
			isa = PBXGroup;
			children = (
				58AEB6E228E5FB9F00A01A4B /* macOS.entitlements */,
			);
			path = macOS;
			sourceTree = "<group>";
		};
		58AEB6EA28E5FB9F00A01A4B /* Tests iOS */ = {
			isa = PBXGroup;
			children = (
				58AEB6EB28E5FB9F00A01A4B /* Tests_iOS.swift */,
				58AEB6ED28E5FB9F00A01A4B /* Tests_iOSLaunchTests.swift */,
			);
			path = "Tests iOS";
			sourceTree = "<group>";
		};
		58AEB6F628E5FB9F00A01A4B /* Tests macOS */ = {
			isa = PBXGroup;
			children = (
				58AEB6F728E5FB9F00A01A4B /* Tests_macOS.swift */,
				58AEB6F928E5FB9F00A01A4B /* Tests_macOSLaunchTests.swift */,
			);
			path = "Tests macOS";
			sourceTree = "<group>";
		};
/* End PBXGroup section */

/* Begin PBXNativeTarget section */
		58AEB6D928E5FB9F00A01A4B /* Stockoholic (iOS) */ = {
			isa = PBXNativeTarget;
			buildConfigurationList = 58AEB70328E5FB9F00A01A4B /* Build configuration list for PBXNativeTarget "Stockoholic (iOS)" */;
			buildPhases = (
				58AEB6D628E5FB9F00A01A4B /* Sources */,
				58AEB6D728E5FB9F00A01A4B /* Frameworks */,
				58AEB6D828E5FB9F00A01A4B /* Resources */,
			);
			buildRules = (
			);
			dependencies = (
			);
			name = "Stockoholic (iOS)";
			productName = "Stockoholic (iOS)";
			productReference = 58AEB6DA28E5FB9F00A01A4B /* Stockoholic.app */;
			productType = "com.apple.product-type.application";
		};
		58AEB6DF28E5FB9F00A01A4B /* Stockoholic (macOS) */ = {
			isa = PBXNativeTarget;
			buildConfigurationList = 58AEB70628E5FB9F00A01A4B /* Build configuration list for PBXNativeTarget "Stockoholic (macOS)" */;
			buildPhases = (
				58AEB6DC28E5FB9F00A01A4B /* Sources */,
				58AEB6DD28E5FB9F00A01A4B /* Frameworks */,
				58AEB6DE28E5FB9F00A01A4B /* Resources */,
			);
			buildRules = (
			);
			dependencies = (
			);
			name = "Stockoholic (macOS)";
			productName = "Stockoholic (macOS)";
			productReference = 58AEB6E028E5FB9F00A01A4B /* Stockoholic.app */;
			productType = "com.apple.product-type.application";
		};
		58AEB6E628E5FB9F00A01A4B /* Tests iOS */ = {
			isa = PBXNativeTarget;
			buildConfigurationList = 58AEB70928E5FB9F00A01A4B /* Build configuration list for PBXNativeTarget "Tests iOS" */;
			buildPhases = (
				58AEB6E328E5FB9F00A01A4B /* Sources */,
				58AEB6E428E5FB9F00A01A4B /* Frameworks */,
				58AEB6E528E5FB9F00A01A4B /* Resources */,
			);
			buildRules = (
			);
			dependencies = (
				58AEB6E928E5FB9F00A01A4B /* PBXTargetDependency */,
			);
			name = "Tests iOS";
			productName = "Tests iOS";
			productReference = 58AEB6E728E5FB9F00A01A4B /* Tests iOS.xctest */;
			productType = "com.apple.product-type.bundle.ui-testing";
		};
		58AEB6F228E5FB9F00A01A4B /* Tests macOS */ = {
			isa = PBXNativeTarget;
			buildConfigurationList = 58AEB70C28E5FB9F00A01A4B /* Build configuration list for PBXNativeTarget "Tests macOS" */;
			buildPhases = (
				58AEB6EF28E5FB9F00A01A4B /* Sources */,
				58AEB6F028E5FB9F00A01A4B /* Frameworks */,
				58AEB6F128E5FB9F00A01A4B /* Resources */,
			);
			buildRules = (
			);
			dependencies = (
				58AEB6F528E5FB9F00A01A4B /* PBXTargetDependency */,
			);
			name = "Tests macOS";
			productName = "Tests macOS";
			productReference = 58AEB6F328E5FB9F00A01A4B /* Tests macOS.xctest */;
			productType = "com.apple.product-type.bundle.ui-testing";
		};
/* End PBXNativeTarget section */

/* Begin PBXProject section */
		58AEB6CE28E5FB9E00A01A4B /* Project object */ = {
			isa = PBXProject;
			attributes = {
				BuildIndependentTargetsInParallel = 1;
				LastSwiftUpdateCheck = 1340;
				LastUpgradeCheck = 1340;
				TargetAttributes = {
					58AEB6D928E5FB9F00A01A4B = {
						CreatedOnToolsVersion = 13.4.1;
					};
					58AEB6DF28E5FB9F00A01A4B = {
						CreatedOnToolsVersion = 13.4.1;
					};
					58AEB6E628E5FB9F00A01A4B = {
						CreatedOnToolsVersion = 13.4.1;
						TestTargetID = 58AEB6D928E5FB9F00A01A4B;
					};
					58AEB6F228E5FB9F00A01A4B = {
						CreatedOnToolsVersion = 13.4.1;
						TestTargetID = 58AEB6DF28E5FB9F00A01A4B;
					};
				};
			};
			buildConfigurationList = 58AEB6D128E5FB9E00A01A4B /* Build configuration list for PBXProject "Stockoholic" */;
			compatibilityVersion = "Xcode 13.0";
			developmentRegion = en;
			hasScannedForEncodings = 0;
			knownRegions = (
				en,
				Base,
			);
			mainGroup = 58AEB6CD28E5FB9E00A01A4B;
			productRefGroup = 58AEB6DB28E5FB9F00A01A4B /* Products */;
			projectDirPath = "";
			projectRoot = "";
			targets = (
				58AEB6D928E5FB9F00A01A4B /* Stockoholic (iOS) */,
				58AEB6DF28E5FB9F00A01A4B /* Stockoholic (macOS) */,
				58AEB6E628E5FB9F00A01A4B /* Tests iOS */,
				58AEB6F228E5FB9F00A01A4B /* Tests macOS */,
			);
		};
/* End PBXProject section */

/* Begin PBXResourcesBuildPhase section */
		58AEB6D828E5FB9F00A01A4B /* Resources */ = {
			isa = PBXResourcesBuildPhase;
			buildActionMask = 2147483647;
			files = (
				58AEB6FF28E5FB9F00A01A4B /* Assets.xcassets in Resources */,
			);
			runOnlyForDeploymentPostprocessing = 0;
		};
		58AEB6DE28E5FB9F00A01A4B /* Resources */ = {
			isa = PBXResourcesBuildPhase;
			buildActionMask = 2147483647;
			files = (
				58AEB70028E5FB9F00A01A4B /* Assets.xcassets in Resources */,
			);
			runOnlyForDeploymentPostprocessing = 0;
		};
		58AEB6E528E5FB9F00A01A4B /* Resources */ = {
			isa = PBXResourcesBuildPhase;
			buildActionMask = 2147483647;
			files = (
			);
			runOnlyForDeploymentPostprocessing = 0;
		};
		58AEB6F128E5FB9F00A01A4B /* Resources */ = {
			isa = PBXResourcesBuildPhase;
			buildActionMask = 2147483647;
			files = (
			);
			runOnlyForDeploymentPostprocessing = 0;
		};
/* End PBXResourcesBuildPhase section */

/* Begin PBXSourcesBuildPhase section */
		58AEB6D628E5FB9F00A01A4B /* Sources */ = {
			isa = PBXSourcesBuildPhase;
			buildActionMask = 2147483647;
			files = (
				58AEB6FD28E5FB9F00A01A4B /* ContentView.swift in Sources */,
				D942242A2913A0AF00F08D12 /* StockView.swift in Sources */,
				D976D2102921D1EE00D40F35 /* ShopView.swift in Sources */,
				D91CAA6429221E6000157FE5 /* alphabetically order .swift in Sources */,
				D9B5622C292F34C400201268 /* StockManager.swift in Sources */,
				D9B68C7E29248E1D002FA077 /* PortfolioView.swift in Sources */,
				58AEB6FB28E5FB9F00A01A4B /* StockoholicApp.swift in Sources */,
				D95647D429165B880017F6A5 /* ProgressView.swift in Sources */,
			);
			runOnlyForDeploymentPostprocessing = 0;
		};
		58AEB6DC28E5FB9F00A01A4B /* Sources */ = {
			isa = PBXSourcesBuildPhase;
			buildActionMask = 2147483647;
			files = (
				58AEB6FE28E5FB9F00A01A4B /* ContentView.swift in Sources */,
				D942242B2913A0AF00F08D12 /* StockView.swift in Sources */,
				D976D2112921D1EE00D40F35 /* ShopView.swift in Sources */,
				D91CAA6529221E6000157FE5 /* alphabetically order .swift in Sources */,
				D9B5622D292F34C400201268 /* StockManager.swift in Sources */,
				D9B68C7F29248E1D002FA077 /* PortfolioView.swift in Sources */,
				58AEB6FC28E5FB9F00A01A4B /* StockoholicApp.swift in Sources */,
				D95647D529165B880017F6A5 /* ProgressView.swift in Sources */,
			);
			runOnlyForDeploymentPostprocessing = 0;
		};
		58AEB6E328E5FB9F00A01A4B /* Sources */ = {
			isa = PBXSourcesBuildPhase;
			buildActionMask = 2147483647;
			files = (
				58AEB6EE28E5FB9F00A01A4B /* Tests_iOSLaunchTests.swift in Sources */,
				58AEB6EC28E5FB9F00A01A4B /* Tests_iOS.swift in Sources */,
			);
			runOnlyForDeploymentPostprocessing = 0;
		};
		58AEB6EF28E5FB9F00A01A4B /* Sources */ = {
			isa = PBXSourcesBuildPhase;
			buildActionMask = 2147483647;
			files = (
				58AEB6FA28E5FB9F00A01A4B /* Tests_macOSLaunchTests.swift in Sources */,
				58AEB6F828E5FB9F00A01A4B /* Tests_macOS.swift in Sources */,
			);
			runOnlyForDeploymentPostprocessing = 0;
		};
/* End PBXSourcesBuildPhase section */

/* Begin PBXTargetDependency section */
		58AEB6E928E5FB9F00A01A4B /* PBXTargetDependency */ = {
			isa = PBXTargetDependency;
			target = 58AEB6D928E5FB9F00A01A4B /* Stockoholic (iOS) */;
			targetProxy = 58AEB6E828E5FB9F00A01A4B /* PBXContainerItemProxy */;
		};
		58AEB6F528E5FB9F00A01A4B /* PBXTargetDependency */ = {
			isa = PBXTargetDependency;
			target = 58AEB6DF28E5FB9F00A01A4B /* Stockoholic (macOS) */;
			targetProxy = 58AEB6F428E5FB9F00A01A4B /* PBXContainerItemProxy */;
		};
/* End PBXTargetDependency section */

/* Begin XCBuildConfiguration section */
		58AEB70128E5FB9F00A01A4B /* Debug */ = {
			isa = XCBuildConfiguration;
			buildSettings = {
				ALWAYS_SEARCH_USER_PATHS = NO;
				CLANG_ANALYZER_NONNULL = YES;
				CLANG_ANALYZER_NUMBER_OBJECT_CONVERSION = YES_AGGRESSIVE;
				CLANG_CXX_LANGUAGE_STANDARD = "gnu++17";
				CLANG_ENABLE_MODULES = YES;
				CLANG_ENABLE_OBJC_ARC = YES;
				CLANG_ENABLE_OBJC_WEAK = YES;
				CLANG_WARN_BLOCK_CAPTURE_AUTORELEASING = YES;
				CLANG_WARN_BOOL_CONVERSION = YES;
				CLANG_WARN_COMMA = YES;
				CLANG_WARN_CONSTANT_CONVERSION = YES;
				CLANG_WARN_DEPRECATED_OBJC_IMPLEMENTATIONS = YES;
				CLANG_WARN_DIRECT_OBJC_ISA_USAGE = YES_ERROR;
				CLANG_WARN_DOCUMENTATION_COMMENTS = YES;
				CLANG_WARN_EMPTY_BODY = YES;
				CLANG_WARN_ENUM_CONVERSION = YES;
				CLANG_WARN_INFINITE_RECURSION = YES;
				CLANG_WARN_INT_CONVERSION = YES;
				CLANG_WARN_NON_LITERAL_NULL_CONVERSION = YES;
				CLANG_WARN_OBJC_IMPLICIT_RETAIN_SELF = YES;
				CLANG_WARN_OBJC_LITERAL_CONVERSION = YES;
				CLANG_WARN_OBJC_ROOT_CLASS = YES_ERROR;
				CLANG_WARN_QUOTED_INCLUDE_IN_FRAMEWORK_HEADER = YES;
				CLANG_WARN_RANGE_LOOP_ANALYSIS = YES;
				CLANG_WARN_STRICT_PROTOTYPES = YES;
				CLANG_WARN_SUSPICIOUS_MOVE = YES;
				CLANG_WARN_UNGUARDED_AVAILABILITY = YES_AGGRESSIVE;
				CLANG_WARN_UNREACHABLE_CODE = YES;
				CLANG_WARN__DUPLICATE_METHOD_MATCH = YES;
				COPY_PHASE_STRIP = NO;
				DEBUG_INFORMATION_FORMAT = dwarf;
				ENABLE_STRICT_OBJC_MSGSEND = YES;
				ENABLE_TESTABILITY = YES;
				GCC_C_LANGUAGE_STANDARD = gnu11;
				GCC_DYNAMIC_NO_PIC = NO;
				GCC_NO_COMMON_BLOCKS = YES;
				GCC_OPTIMIZATION_LEVEL = 0;
				GCC_PREPROCESSOR_DEFINITIONS = (
					"DEBUG=1",
					"$(inherited)",
				);
				GCC_WARN_64_TO_32_BIT_CONVERSION = YES;
				GCC_WARN_ABOUT_RETURN_TYPE = YES_ERROR;
				GCC_WARN_UNDECLARED_SELECTOR = YES;
				GCC_WARN_UNINITIALIZED_AUTOS = YES_AGGRESSIVE;
				GCC_WARN_UNUSED_FUNCTION = YES;
				GCC_WARN_UNUSED_VARIABLE = YES;
				IPHONEOS_DEPLOYMENT_TARGET = 16.0;
				MTL_ENABLE_DEBUG_INFO = INCLUDE_SOURCE;
				MTL_FAST_MATH = YES;
				ONLY_ACTIVE_ARCH = YES;
				SWIFT_ACTIVE_COMPILATION_CONDITIONS = DEBUG;
				SWIFT_OPTIMIZATION_LEVEL = "-Onone";
			};
			name = Debug;
		};
		58AEB70228E5FB9F00A01A4B /* Release */ = {
			isa = XCBuildConfiguration;
			buildSettings = {
				ALWAYS_SEARCH_USER_PATHS = NO;
				CLANG_ANALYZER_NONNULL = YES;
				CLANG_ANALYZER_NUMBER_OBJECT_CONVERSION = YES_AGGRESSIVE;
				CLANG_CXX_LANGUAGE_STANDARD = "gnu++17";
				CLANG_ENABLE_MODULES = YES;
				CLANG_ENABLE_OBJC_ARC = YES;
				CLANG_ENABLE_OBJC_WEAK = YES;
				CLANG_WARN_BLOCK_CAPTURE_AUTORELEASING = YES;
				CLANG_WARN_BOOL_CONVERSION = YES;
				CLANG_WARN_COMMA = YES;
				CLANG_WARN_CONSTANT_CONVERSION = YES;
				CLANG_WARN_DEPRECATED_OBJC_IMPLEMENTATIONS = YES;
				CLANG_WARN_DIRECT_OBJC_ISA_USAGE = YES_ERROR;
				CLANG_WARN_DOCUMENTATION_COMMENTS = YES;
				CLANG_WARN_EMPTY_BODY = YES;
				CLANG_WARN_ENUM_CONVERSION = YES;
				CLANG_WARN_INFINITE_RECURSION = YES;
				CLANG_WARN_INT_CONVERSION = YES;
				CLANG_WARN_NON_LITERAL_NULL_CONVERSION = YES;
				CLANG_WARN_OBJC_IMPLICIT_RETAIN_SELF = YES;
				CLANG_WARN_OBJC_LITERAL_CONVERSION = YES;
				CLANG_WARN_OBJC_ROOT_CLASS = YES_ERROR;
				CLANG_WARN_QUOTED_INCLUDE_IN_FRAMEWORK_HEADER = YES;
				CLANG_WARN_RANGE_LOOP_ANALYSIS = YES;
				CLANG_WARN_STRICT_PROTOTYPES = YES;
				CLANG_WARN_SUSPICIOUS_MOVE = YES;
				CLANG_WARN_UNGUARDED_AVAILABILITY = YES_AGGRESSIVE;
				CLANG_WARN_UNREACHABLE_CODE = YES;
				CLANG_WARN__DUPLICATE_METHOD_MATCH = YES;
				COPY_PHASE_STRIP = NO;
				DEBUG_INFORMATION_FORMAT = "dwarf-with-dsym";
				ENABLE_NS_ASSERTIONS = NO;
				ENABLE_STRICT_OBJC_MSGSEND = YES;
				GCC_C_LANGUAGE_STANDARD = gnu11;
				GCC_NO_COMMON_BLOCKS = YES;
				GCC_WARN_64_TO_32_BIT_CONVERSION = YES;
				GCC_WARN_ABOUT_RETURN_TYPE = YES_ERROR;
				GCC_WARN_UNDECLARED_SELECTOR = YES;
				GCC_WARN_UNINITIALIZED_AUTOS = YES_AGGRESSIVE;
				GCC_WARN_UNUSED_FUNCTION = YES;
				GCC_WARN_UNUSED_VARIABLE = YES;
				IPHONEOS_DEPLOYMENT_TARGET = 16.0;
				MTL_ENABLE_DEBUG_INFO = NO;
				MTL_FAST_MATH = YES;
				SWIFT_COMPILATION_MODE = wholemodule;
				SWIFT_OPTIMIZATION_LEVEL = "-O";
			};
			name = Release;
		};
		58AEB70428E5FB9F00A01A4B /* Debug */ = {
			isa = XCBuildConfiguration;
			buildSettings = {
				ASSETCATALOG_COMPILER_APPICON_NAME = AppIcon;
				ASSETCATALOG_COMPILER_GLOBAL_ACCENT_COLOR_NAME = AccentColor;
				CODE_SIGN_STYLE = Automatic;
				CURRENT_PROJECT_VERSION = 1;
				DEVELOPMENT_TEAM = DT8XS6AFCX;
				ENABLE_PREVIEWS = YES;
				GENERATE_INFOPLIST_FILE = YES;
				INFOPLIST_KEY_CFBundleDisplayName = Stockoholic;
				INFOPLIST_KEY_UIApplicationSceneManifest_Generation = YES;
				INFOPLIST_KEY_UIApplicationSupportsIndirectInputEvents = YES;
				INFOPLIST_KEY_UILaunchScreen_Generation = YES;
				INFOPLIST_KEY_UISupportedInterfaceOrientations_iPad = "UIInterfaceOrientationPortrait UIInterfaceOrientationPortraitUpsideDown UIInterfaceOrientationLandscapeLeft UIInterfaceOrientationLandscapeRight";
				INFOPLIST_KEY_UISupportedInterfaceOrientations_iPhone = "UIInterfaceOrientationPortrait UIInterfaceOrientationLandscapeLeft UIInterfaceOrientationLandscapeRight";
				IPHONEOS_DEPLOYMENT_TARGET = 15.5;
				LD_RUNPATH_SEARCH_PATHS = (
					"$(inherited)",
					"@executable_path/Frameworks",
				);
				MARKETING_VERSION = 1.0;
				PRODUCT_BUNDLE_IDENTIFIER = com.stockoholic.Stockoholic;
				PRODUCT_NAME = Stockoholic;
				SDKROOT = iphoneos;
				SWIFT_EMIT_LOC_STRINGS = YES;
				SWIFT_VERSION = 5.0;
				TARGETED_DEVICE_FAMILY = "1,2";
			};
			name = Debug;
		};
		58AEB70528E5FB9F00A01A4B /* Release */ = {
			isa = XCBuildConfiguration;
			buildSettings = {
				ASSETCATALOG_COMPILER_APPICON_NAME = AppIcon;
				ASSETCATALOG_COMPILER_GLOBAL_ACCENT_COLOR_NAME = AccentColor;
				CODE_SIGN_STYLE = Automatic;
				CURRENT_PROJECT_VERSION = 1;
				DEVELOPMENT_TEAM = DT8XS6AFCX;
				ENABLE_PREVIEWS = YES;
				GENERATE_INFOPLIST_FILE = YES;
				INFOPLIST_KEY_CFBundleDisplayName = Stockoholic;
				INFOPLIST_KEY_UIApplicationSceneManifest_Generation = YES;
				INFOPLIST_KEY_UIApplicationSupportsIndirectInputEvents = YES;
				INFOPLIST_KEY_UILaunchScreen_Generation = YES;
				INFOPLIST_KEY_UISupportedInterfaceOrientations_iPad = "UIInterfaceOrientationPortrait UIInterfaceOrientationPortraitUpsideDown UIInterfaceOrientationLandscapeLeft UIInterfaceOrientationLandscapeRight";
				INFOPLIST_KEY_UISupportedInterfaceOrientations_iPhone = "UIInterfaceOrientationPortrait UIInterfaceOrientationLandscapeLeft UIInterfaceOrientationLandscapeRight";
				IPHONEOS_DEPLOYMENT_TARGET = 15.5;
				LD_RUNPATH_SEARCH_PATHS = (
					"$(inherited)",
					"@executable_path/Frameworks",
				);
				MARKETING_VERSION = 1.0;
				PRODUCT_BUNDLE_IDENTIFIER = com.stockoholic.Stockoholic;
				PRODUCT_NAME = Stockoholic;
				SDKROOT = iphoneos;
				SWIFT_EMIT_LOC_STRINGS = YES;
				SWIFT_VERSION = 5.0;
				TARGETED_DEVICE_FAMILY = "1,2";
				VALIDATE_PRODUCT = YES;
			};
			name = Release;
		};
		58AEB70728E5FB9F00A01A4B /* Debug */ = {
			isa = XCBuildConfiguration;
			buildSettings = {
				ASSETCATALOG_COMPILER_APPICON_NAME = AppIcon;
				ASSETCATALOG_COMPILER_GLOBAL_ACCENT_COLOR_NAME = AccentColor;
				CODE_SIGN_ENTITLEMENTS = macOS/macOS.entitlements;
				CODE_SIGN_STYLE = Automatic;
				COMBINE_HIDPI_IMAGES = YES;
				CURRENT_PROJECT_VERSION = 1;
				DEVELOPMENT_TEAM = DT8XS6AFCX;
				ENABLE_HARDENED_RUNTIME = YES;
				ENABLE_PREVIEWS = YES;
				GENERATE_INFOPLIST_FILE = YES;
				INFOPLIST_KEY_NSHumanReadableCopyright = "";
				LD_RUNPATH_SEARCH_PATHS = (
					"$(inherited)",
					"@executable_path/../Frameworks",
				);
				MACOSX_DEPLOYMENT_TARGET = 12.3;
				MARKETING_VERSION = 1.0;
				PRODUCT_BUNDLE_IDENTIFIER = com.stockoholic.Stockoholic;
				PRODUCT_NAME = Stockoholic;
				SDKROOT = macosx;
				SWIFT_EMIT_LOC_STRINGS = YES;
				SWIFT_VERSION = 5.0;
			};
			name = Debug;
		};
		58AEB70828E5FB9F00A01A4B /* Release */ = {
			isa = XCBuildConfiguration;
			buildSettings = {
				ASSETCATALOG_COMPILER_APPICON_NAME = AppIcon;
				ASSETCATALOG_COMPILER_GLOBAL_ACCENT_COLOR_NAME = AccentColor;
				CODE_SIGN_ENTITLEMENTS = macOS/macOS.entitlements;
				CODE_SIGN_STYLE = Automatic;
				COMBINE_HIDPI_IMAGES = YES;
				CURRENT_PROJECT_VERSION = 1;
				DEVELOPMENT_TEAM = DT8XS6AFCX;
				ENABLE_HARDENED_RUNTIME = YES;
				ENABLE_PREVIEWS = YES;
				GENERATE_INFOPLIST_FILE = YES;
				INFOPLIST_KEY_NSHumanReadableCopyright = "";
				LD_RUNPATH_SEARCH_PATHS = (
					"$(inherited)",
					"@executable_path/../Frameworks",
				);
				MACOSX_DEPLOYMENT_TARGET = 12.3;
				MARKETING_VERSION = 1.0;
				PRODUCT_BUNDLE_IDENTIFIER = com.stockoholic.Stockoholic;
				PRODUCT_NAME = Stockoholic;
				SDKROOT = macosx;
				SWIFT_EMIT_LOC_STRINGS = YES;
				SWIFT_VERSION = 5.0;
			};
			name = Release;
		};
		58AEB70A28E5FB9F00A01A4B /* Debug */ = {
			isa = XCBuildConfiguration;
			buildSettings = {
				ALWAYS_EMBED_SWIFT_STANDARD_LIBRARIES = YES;
				CODE_SIGN_STYLE = Automatic;
				CURRENT_PROJECT_VERSION = 1;
				DEVELOPMENT_TEAM = DT8XS6AFCX;
				GENERATE_INFOPLIST_FILE = YES;
				IPHONEOS_DEPLOYMENT_TARGET = 15.5;
				MARKETING_VERSION = 1.0;
				PRODUCT_BUNDLE_IDENTIFIER = "com.stockoholic.Tests-iOS";
				PRODUCT_NAME = "$(TARGET_NAME)";
				SDKROOT = iphoneos;
				SWIFT_EMIT_LOC_STRINGS = NO;
				SWIFT_VERSION = 5.0;
				TARGETED_DEVICE_FAMILY = "1,2";
				TEST_TARGET_NAME = "Stockoholic (iOS)";
			};
			name = Debug;
		};
		58AEB70B28E5FB9F00A01A4B /* Release */ = {
			isa = XCBuildConfiguration;
			buildSettings = {
				ALWAYS_EMBED_SWIFT_STANDARD_LIBRARIES = YES;
				CODE_SIGN_STYLE = Automatic;
				CURRENT_PROJECT_VERSION = 1;
				DEVELOPMENT_TEAM = DT8XS6AFCX;
				GENERATE_INFOPLIST_FILE = YES;
				IPHONEOS_DEPLOYMENT_TARGET = 15.5;
				MARKETING_VERSION = 1.0;
				PRODUCT_BUNDLE_IDENTIFIER = "com.stockoholic.Tests-iOS";
				PRODUCT_NAME = "$(TARGET_NAME)";
				SDKROOT = iphoneos;
				SWIFT_EMIT_LOC_STRINGS = NO;
				SWIFT_VERSION = 5.0;
				TARGETED_DEVICE_FAMILY = "1,2";
				TEST_TARGET_NAME = "Stockoholic (iOS)";
				VALIDATE_PRODUCT = YES;
			};
			name = Release;
		};
		58AEB70D28E5FB9F00A01A4B /* Debug */ = {
			isa = XCBuildConfiguration;
			buildSettings = {
				ALWAYS_EMBED_SWIFT_STANDARD_LIBRARIES = YES;
				CODE_SIGN_STYLE = Automatic;
				CURRENT_PROJECT_VERSION = 1;
				DEVELOPMENT_TEAM = DT8XS6AFCX;
				GENERATE_INFOPLIST_FILE = YES;
				MACOSX_DEPLOYMENT_TARGET = 12.3;
				MARKETING_VERSION = 1.0;
				PRODUCT_BUNDLE_IDENTIFIER = "com.stockoholic.Tests-macOS";
				PRODUCT_NAME = "$(TARGET_NAME)";
				SDKROOT = macosx;
				SWIFT_EMIT_LOC_STRINGS = NO;
				SWIFT_VERSION = 5.0;
				TEST_TARGET_NAME = "Stockoholic (macOS)";
			};
			name = Debug;
		};
		58AEB70E28E5FB9F00A01A4B /* Release */ = {
			isa = XCBuildConfiguration;
			buildSettings = {
				ALWAYS_EMBED_SWIFT_STANDARD_LIBRARIES = YES;
				CODE_SIGN_STYLE = Automatic;
				CURRENT_PROJECT_VERSION = 1;
				DEVELOPMENT_TEAM = DT8XS6AFCX;
				GENERATE_INFOPLIST_FILE = YES;
				MACOSX_DEPLOYMENT_TARGET = 12.3;
				MARKETING_VERSION = 1.0;
				PRODUCT_BUNDLE_IDENTIFIER = "com.stockoholic.Tests-macOS";
				PRODUCT_NAME = "$(TARGET_NAME)";
				SDKROOT = macosx;
				SWIFT_EMIT_LOC_STRINGS = NO;
				SWIFT_VERSION = 5.0;
				TEST_TARGET_NAME = "Stockoholic (macOS)";
			};
			name = Release;
		};
/* End XCBuildConfiguration section */

/* Begin XCConfigurationList section */
		58AEB6D128E5FB9E00A01A4B /* Build configuration list for PBXProject "Stockoholic" */ = {
			isa = XCConfigurationList;
			buildConfigurations = (
				58AEB70128E5FB9F00A01A4B /* Debug */,
				58AEB70228E5FB9F00A01A4B /* Release */,
			);
			defaultConfigurationIsVisible = 0;
			defaultConfigurationName = Release;
		};
		58AEB70328E5FB9F00A01A4B /* Build configuration list for PBXNativeTarget "Stockoholic (iOS)" */ = {
			isa = XCConfigurationList;
			buildConfigurations = (
				58AEB70428E5FB9F00A01A4B /* Debug */,
				58AEB70528E5FB9F00A01A4B /* Release */,
			);
			defaultConfigurationIsVisible = 0;
			defaultConfigurationName = Release;
		};
		58AEB70628E5FB9F00A01A4B /* Build configuration list for PBXNativeTarget "Stockoholic (macOS)" */ = {
			isa = XCConfigurationList;
			buildConfigurations = (
				58AEB70728E5FB9F00A01A4B /* Debug */,
				58AEB70828E5FB9F00A01A4B /* Release */,
			);
			defaultConfigurationIsVisible = 0;
			defaultConfigurationName = Release;
		};
		58AEB70928E5FB9F00A01A4B /* Build configuration list for PBXNativeTarget "Tests iOS" */ = {
			isa = XCConfigurationList;
			buildConfigurations = (
				58AEB70A28E5FB9F00A01A4B /* Debug */,
				58AEB70B28E5FB9F00A01A4B /* Release */,
			);
			defaultConfigurationIsVisible = 0;
			defaultConfigurationName = Release;
		};
		58AEB70C28E5FB9F00A01A4B /* Build configuration list for PBXNativeTarget "Tests macOS" */ = {
			isa = XCConfigurationList;
			buildConfigurations = (
				58AEB70D28E5FB9F00A01A4B /* Debug */,
				58AEB70E28E5FB9F00A01A4B /* Release */,
			);
			defaultConfigurationIsVisible = 0;
			defaultConfigurationName = Release;
		};
/* End XCConfigurationList section */
	};
	rootObject = 58AEB6CE28E5FB9E00A01A4B /* Project object */;
}
